{
  "nodes": {
    "nixpkgs": {
      "locked": {
        "lastModified": 1788039129,
        "narHash": "sha256-pa4Q0qErvCvzCaaUph7Sm37RhR4xvPrYI8Lgz6k85+A=",
        "owner": "NixOS",
        "repo": "nixpkgs",
        "rev": "d2f67949798825fe853f7c5d0492b8bf016d3f88",
        "type": "github"
      },
      "original": {
        "owner": "NixOS",
        "ref": "nixos-unstable",
        "repo": "nixpkgs",
        "type": "github"
      }
    },
    "root": {
      "inputs": {
        "nixpkgs": "nixpkgs",
        "zapret": "zapret"
      }
    },
    "zapret": {
      "inputs": {
        "nixpkgs": [
          "nixpkgs"
        ],
        "zapret-flowseal": "zapret-flowseal"
      },
      "locked": {
        "lastModified": 1787521112,
        "narHash": "sha256-AkZ2YsTvKVQSOKpY8mXyfkGJqIbwreaNw89tdDLpaIM=",
        "owner": "kartavkun",
        "repo": "zapret-discord-youtube",
        "rev": "389416861ab0582352f3eca7643cc21d142d42fa",
        "type": "github"
      },
      "original": {
        "owner": "kartavkun",
        "repo": "zapret-discord-youtube",
        "type": "github"
      }
    },
    "zapret-flowseal": {
      "flake": false,
      "locked": {
        "lastModified": 1788121958,
        "narHash": "sha256-WMpxbtA2OH340e4uuXR0tcUW0D6V9Kzs0KI1iKqkXBM=",
        "owner": "Flowseal",
        "repo": "zapret-discord-youtube",
        "rev": "6cec828910d0809863205702182a3557d9d0e8c3",
        "type": "github"
      },
      "original": {
        "owner": "Flowseal",
        "repo": "zapret-discord-youtube",
        "type": "github"
      }
    }
  },
  "root": "root",
  "version": 7
}
