{
  "nodes": {
    "nfqws2-keenetic": {
      "flake": false,
      "locked": {
        "lastModified": 1789144514,
        "narHash": "sha256-G+LvvXDqzYm8SOXNc3N+HIzvD9DR3J+WT+HHDdmjB0Y=",
        "owner": "nfqws",
        "repo": "nfqws2-keenetic",
        "rev": "fa22c177b340e73d8b8a94b295af20e0228c4c22",
        "type": "github"
      },
      "original": {
        "owner": "nfqws",
        "repo": "nfqws2-keenetic",
        "type": "github"
      }
    },
    "nixpkgs": {
      "locked": {
        "lastModified": 1790323409,
        "narHash": "sha256-VVTPf+Hyd5ebpjBMHmrLMSBIeW6ls48Bqtosj7CNKLA=",
        "owner": "NixOS",
        "repo": "nixpkgs",
        "rev": "e94cb152ed51bd6e24eb4a41f1460252beb52cd2",
        "type": "github"
      },
      "original": {
        "owner": "NixOS",
        "ref": "nixos-unstable",
        "repo": "nixpkgs",
        "type": "github"
      }
    },
    "root": {
      "inputs": {
        "nfqws2-keenetic": "nfqws2-keenetic",
        "nixpkgs": "nixpkgs",
        "z2k": "z2k",
        "zapret": "zapret"
      }
    },
    "z2k": {
      "flake": false,
      "locked": {
        "lastModified": 1789186266,
        "narHash": "sha256-d9gg7s66P3pkN7d4l72ryaGC9Ayoqg4tbHaoDNbDTT4=",
        "owner": "necronicle",
        "repo": "z2k",
        "rev": "7beb9754d65a2cafd9c1d26d382bcb61d453d5b3",
        "type": "github"
      },
      "original": {
        "owner": "necronicle",
        "ref": "z2k-enhanced",
        "repo": "z2k",
        "type": "github"
      }
    },
    "zapret": {
      "inputs": {
        "nixpkgs": [
          "nixpkgs"
        ],
        "zapret-flowseal": "zapret-flowseal"
      },
      "locked": {
        "lastModified": 1790422884,
        "narHash": "sha256-va22R1zFF7JmibmFwezLYfRup8PfVO3pV7toQH+cbL0=",
        "owner": "kartavkun",
        "repo": "zapret-discord-youtube",
        "rev": "b82f45c363506588afbb45fefe41fe4670ae1480",
        "type": "github"
      },
      "original": {
        "owner": "kartavkun",
        "repo": "zapret-discord-youtube",
        "type": "github"
      }
    },
    "zapret-flowseal": {
      "flake": false,
      "locked": {
        "lastModified": 1790415676,
        "narHash": "sha256-3rQvnv3Tynmd2K6+udE3zD/G7J+kRHlq+4yHGmx0CLY=",
        "owner": "Flowseal",
        "repo": "zapret-discord-youtube",
        "rev": "249a70424aae2676f99c5363e21073ed89873eda",
        "type": "github"
      },
      "original": {
        "owner": "Flowseal",
        "repo": "zapret-discord-youtube",
        "type": "github"
      }
    }
  },
  "root": "root",
  "version": 7
}
